
Microsoft Visual Studio Solution File, Format Version 12.00
# Visual Studio Version 17
VisualStudioVersion = 17.3.32819.101
MinimumVisualStudioVersion = 10.0.40219.1
Project("{FAE04EC0-301F-11D3-BF4B-00C04F79EFBC}") = "Uppgift3_17", "Uppgift3_17\Uppgift3_17.csproj", "{5D61F5BB-6AF9-4EE2-9970-8C4D36EF478B}"
EndProject
Global
	GlobalSection(SolutionConfigurationPlatforms) = preSolution
		Debug|Any CPU = Debug|Any CPU
		Release|Any CPU = Release|Any CPU
	EndGlobalSection
	GlobalSection(ProjectConfigurationPlatforms) = postSolution
		{5D61F5BB-6AF9-4EE2-9970-8C4D36EF478B}.Debug|Any CPU.ActiveCfg = Debug|Any CPU
		{5D61F5BB-6AF9-4EE2-9970-8C4D36EF478B}.Debug|Any CPU.Build.0 = Debug|Any CPU
		{5D61F5BB-6AF9-4EE2-9970-8C4D36EF478B}.Release|Any CPU.ActiveCfg = Release|Any CPU
		{5D61F5BB-6AF9-4EE2-9970-8C4D36EF478B}.Release|Any CPU.Build.0 = Release|Any CPU
	EndGlobalSection
	GlobalSection(SolutionProperties) = preSolution
		HideSolutionNode = FALSE
	EndGlobalSection
	GlobalSection(ExtensibilityGlobals) = postSolution
		SolutionGuid = {33E40ECD-49C8-4927-854F-3692ACBE1583}
	EndGlobalSection
EndGlobal
